
Microsoft Visual Studio Solution File, Format Version 12.00
# Visual Studio Version 17
VisualStudioVersion = 17.9.34728.123
MinimumVisualStudioVersion = 10.0.40219.1
Project("{FAE04EC0-301F-11D3-BF4B-00C04F79EFBC}") = "DigiBank", "DigiBank\DigiBank.csproj", "{5CE8DC2E-1241-4597-BDA8-F89C80876619}"
EndProject
Global
	GlobalSection(SolutionConfigurationPlatforms) = preSolution
		Debug|Any CPU = Debug|Any CPU
		Release|Any CPU = Release|Any CPU
	EndGlobalSection
	GlobalSection(ProjectConfigurationPlatforms) = postSolution
		{5CE8DC2E-1241-4597-BDA8-F89C80876619}.Debug|Any CPU.ActiveCfg = Debug|Any CPU
		{5CE8DC2E-1241-4597-BDA8-F89C80876619}.Debug|Any CPU.Build.0 = Debug|Any CPU
		{5CE8DC2E-1241-4597-BDA8-F89C80876619}.Release|Any CPU.ActiveCfg = Release|Any CPU
		{5CE8DC2E-1241-4597-BDA8-F89C80876619}.Release|Any CPU.Build.0 = Release|Any CPU
	EndGlobalSection
	GlobalSection(SolutionProperties) = preSolution
		HideSolutionNode = FALSE
	EndGlobalSection
	GlobalSection(ExtensibilityGlobals) = postSolution
		SolutionGuid = {EF29D3A7-02F5-41D2-AA9A-524BBA43291A}
	EndGlobalSection
EndGlobal
